{
  "lockfile-version": 1,
  "manifest": {
    "schema-version": "1.13.0",
    "install": {
      "cargo": {
        "pkg-path": "cargo",
        "pkg-group": "rust-toolchain"
      },
      "cargo-nextest": {
        "pkg-path": "cargo-nextest"
      },
      "cargo-semver-checks": {
        "pkg-path": "cargo-semver-checks"
      },
      "cargo-watch": {
        "pkg-path": "cargo-watch"
      },
      "clang": {
        "pkg-path": "clang",
        "systems": [
          "aarch64-darwin",
          "x86_64-darwin"
        ]
      },
      "clippy": {
        "pkg-path": "clippy",
        "pkg-group": "rust-toolchain"
      },
      "gcc": {
        "pkg-path": "gcc",
        "systems": [
          "aarch64-linux",
          "x86_64-linux"
        ],
        "outputs": "all"
      },
      "libiconv": {
        "pkg-path": "libiconv",
        "systems": [
          "aarch64-darwin",
          "x86_64-darwin"
        ],
        "outputs": "all"
      },
      "rust-analyzer": {
        "pkg-path": "rust-analyzer",
        "pkg-group": "rust-analyzer"
      },
      "rust-lib-src": {
        "pkg-path": "rustPlatform.rustLibSrc",
        "pkg-group": "rust-toolchain"
      },
      "rustc": {
        "pkg-path": "rustc",
        "pkg-group": "rust-toolchain",
        "outputs": "all"
      },
      "rustfmt": {
        "pkg-path": "rustfmt",
        "pkg-group": "rust-toolchain"
      }
    },
    "hook": {
      "on-activate": "  export PATH=\"$PWD/result-credit-card-tracker/bin:$PATH\"\n"
    },
    "options": {},
    "build": {
      "credit-card-tracker": {
        "command": "  mkdir -p $out/bin\n  cargo build --release\n  cp target/release/credit-card-tracker $out/bin/credit-card-tracker\n",
        "runtime-packages": [
          "gcc",
          "libiconv"
        ],
        "version": "0.1.0",
        "description": "Credit Card Tracker"
      }
    }
  },
  "packages": [
    {
      "attr_path": "rust-analyzer",
      "broken": false,
      "derivation": "/nix/store/ibv1rdmxiydrppny6pwxd93a04yciv07-rust-analyzer-2025-10-28.drv",
      "description": "Modular compiler frontend for the Rust language",
      "install_id": "rust-analyzer",
      "license": "[ MIT, Apache-2.0 ]",
      "locked_url": "https://github.com/flox/nixpkgs?rev=418468ac9527e799809c900eda37cbff999199b6",
      "name": "rust-analyzer-2025-10-28",
      "pname": "rust-analyzer",
      "rev": "418468ac9527e799809c900eda37cbff999199b6",
      "rev_count": 905402,
      "rev_date": "2025-12-02T09:27:49Z",
      "scrape_date": "2025-12-04T02:55:09.853484Z",
      "stabilities": [
        "staging",
        "unstable"
      ],
      "unfree": false,
      "version": "2025-10-28",
      "outputs_to_install": [
        "out"
      ],
      "outputs": {
        "out": "/nix/store/i0js5jgv6wflv6iw7ic3plmjm24cxndw-rust-analyzer-2025-10-28"
      },
      "system": "aarch64-darwin",
      "group": "rust-analyzer",
      "priority": 5
    },
    {
      "attr_path": "rust-analyzer",
      "broken": false,
      "derivation": "/nix/store/85whs6h8iaivl9yj97lfl17mivvzml4m-rust-analyzer-2025-10-28.drv",
      "description": "Modular compiler frontend for the Rust language",
      "install_id": "rust-analyzer",
      "license": "[ MIT, Apache-2.0 ]",
      "locked_url": "https://github.com/flox/nixpkgs?rev=418468ac9527e799809c900eda37cbff999199b6",
      "name": "rust-analyzer-2025-10-28",
      "pname": "rust-analyzer",
      "rev": "418468ac9527e799809c900eda37cbff999199b6",
      "rev_count": 905402,
      "rev_date": "2025-12-02T09:27:49Z",
      "scrape_date": "2025-12-04T03:04:23.661839Z",
      "stabilities": [
        "staging",
        "unstable"
      ],
      "unfree": false,
      "version": "2025-10-28",
      "outputs_to_install": [
        "out"
      ],
      "outputs": {
        "out": "/nix/store/63jsn0aik3yxjq4k34fcbgpj9d2dspg6-rust-analyzer-2025-10-28"
      },
      "system": "aarch64-linux",
      "group": "rust-analyzer",
      "priority": 5
    },
    {
      "attr_path": "rust-analyzer",
      "broken": false,
      "derivation": "/nix/store/rlbgn7rysv6r5imxcys90zf62bs7wrm3-rust-analyzer-2025-10-28.drv",
      "description": "Modular compiler frontend for the Rust language",
      "install_id": "rust-analyzer",
      "license": "[ MIT, Apache-2.0 ]",
      "locked_url": "https://github.com/flox/nixpkgs?rev=418468ac9527e799809c900eda37cbff999199b6",
      "name": "rust-analyzer-2025-10-28",
      "pname": "rust-analyzer",
      "rev": "418468ac9527e799809c900eda37cbff999199b6",
      "rev_count": 905402,
      "rev_date": "2025-12-02T09:27:49Z",
      "scrape_date": "2025-12-04T03:13:07.593831Z",
      "stabilities": [
        "staging",
        "unstable"
      ],
      "unfree": false,
      "version": "2025-10-28",
      "outputs_to_install": [
        "out"
      ],
      "outputs": {
        "out": "/nix/store/5xc9z3rifzgcs027as946svhf8m3kgcy-rust-analyzer-2025-10-28"
      },
      "system": "x86_64-darwin",
      "group": "rust-analyzer",
      "priority": 5
    },
    {
      "attr_path": "rust-analyzer",
      "broken": false,
      "derivation": "/nix/store/mg2cv6ypi6v9lzzqdym7ahpnc69bavpr-rust-analyzer-2025-10-28.drv",
      "description": "Modular compiler frontend for the Rust language",
      "install_id": "rust-analyzer",
      "license": "[ MIT, Apache-2.0 ]",
      "locked_url": "https://github.com/flox/nixpkgs?rev=418468ac9527e799809c900eda37cbff999199b6",
      "name": "rust-analyzer-2025-10-28",
      "pname": "rust-analyzer",
      "rev": "418468ac9527e799809c900eda37cbff999199b6",
      "rev_count": 905402,
      "rev_date": "2025-12-02T09:27:49Z",
      "scrape_date": "2025-12-04T03:22:13.358026Z",
      "stabilities": [
        "staging",
        "unstable"
      ],
      "unfree": false,
      "version": "2025-10-28",
      "outputs_to_install": [
        "out"
      ],
      "outputs": {
        "out": "/nix/store/wl97qrpw37jgd4yb8yqh4k9h72r3kw2k-rust-analyzer-2025-10-28"
      },
      "system": "x86_64-linux",
      "group": "rust-analyzer",
      "priority": 5
    },
    {
      "attr_path": "cargo",
      "broken": false,
      "derivation": "/nix/store/w8v6lw3wk5r7d1ki1q2whfn2m4wvhz10-cargo-1.91.1.drv",
      "description": "Downloads your Rust project's dependencies and builds your project",
      "install_id": "cargo",
      "license": "[ MIT, Apache-2.0 ]",
      "locked_url": "https://github.com/flox/nixpkgs?rev=418468ac9527e799809c900eda37cbff999199b6",
      "name": "cargo-1.91.1",
      "pname": "cargo",
      "rev": "418468ac9527e799809c900eda37cbff999199b6",
      "rev_count": 905402,
      "rev_date": "2025-12-02T09:27:49Z",
      "scrape_date": "2025-12-04T02:53:40.649477Z",
      "stabilities": [
        "staging",
        "unstable"
      ],
      "unfree": false,
      "version": "1.91.1",
      "outputs_to_install": [
        "out"
      ],
      "outputs": {
        "out": "/nix/store/45b258b3av4kwr5pljhaghpkn2b076gp-cargo-1.91.1"
      },
      "system": "aarch64-darwin",
      "group": "rust-toolchain",
      "priority": 5
    },
    {
      "attr_path": "cargo",
      "broken": false,
      "derivation": "/nix/store/52kja9770r3k85xj7xvm96fsbnvc4vv7-cargo-1.91.1.drv",
      "description": "Downloads your Rust project's dependencies and builds your project",
      "install_id": "cargo",
      "license": "[ MIT, Apache-2.0 ]",
      "locked_url": "https://github.com/flox/nixpkgs?rev=418468ac9527e799809c900eda37cbff999199b6",
      "name": "cargo-1.91.1",
      "pname": "cargo",
      "rev": "418468ac9527e799809c900eda37cbff999199b6",
      "rev_count": 905402,
      "rev_date": "2025-12-02T09:27:49Z",
      "scrape_date": "2025-12-04T03:02:19.322856Z",
      "stabilities": [
        "staging",
        "unstable"
      ],
      "unfree": false,
      "version": "1.91.1",
      "outputs_to_install": [
        "out"
      ],
      "outputs": {
        "out": "/nix/store/0dc8isk49j5nixxswvl8kdsvz8wvzah8-cargo-1.91.1"
      },
      "system": "aarch64-linux",
      "group": "rust-toolchain",
      "priority": 5
    },
    {
      "attr_path": "cargo",
      "broken": false,
      "derivation": "/nix/store/j26lwdqqqq82k0kq0jarn4g1dj6iwp9j-cargo-1.91.1.drv",
      "description": "Downloads your Rust project's dependencies and builds your project",
      "install_id": "cargo",
      "license": "[ MIT, Apache-2.0 ]",
      "locked_url": "https://github.com/flox/nixpkgs?rev=418468ac9527e799809c900eda37cbff999199b6",
      "name": "cargo-1.91.1",
      "pname": "cargo",
      "rev": "418468ac9527e799809c900eda37cbff999199b6",
      "rev_count": 905402,
      "rev_date": "2025-12-02T09:27:49Z",
      "scrape_date": "2025-12-04T03:11:43.226757Z",
      "stabilities": [
        "staging",
        "unstable"
      ],
      "unfree": false,
      "version": "1.91.1",
      "outputs_to_install": [
        "out"
      ],
      "outputs": {
        "out": "/nix/store/vc9ij5iq2ga02875g3i8dxz7mpa11ygf-cargo-1.91.1"
      },
      "system": "x86_64-darwin",
      "group": "rust-toolchain",
      "priority": 5
    },
    {
      "attr_path": "cargo",
      "broken": false,
      "derivation": "/nix/store/msbpsqfhp12rpibgbrjgh8nnb7rxb78g-cargo-1.91.1.drv",
      "description": "Downloads your Rust project's dependencies and builds your project",
      "install_id": "cargo",
      "license": "[ MIT, Apache-2.0 ]",
      "locked_url": "https://github.com/flox/nixpkgs?rev=418468ac9527e799809c900eda37cbff999199b6",
      "name": "cargo-1.91.1",
      "pname": "cargo",
      "rev": "418468ac9527e799809c900eda37cbff999199b6",
      "rev_count": 905402,
      "rev_date": "2025-12-02T09:27:49Z",
      "scrape_date": "2025-12-04T03:20:07.012179Z",
      "stabilities": [
        "staging",
        "unstable"
      ],
      "unfree": false,
      "version": "1.91.1",
      "outputs_to_install": [
        "out"
      ],
      "outputs": {
        "out": "/nix/store/742kq790y4nd92s4l4arg7ij8h7is5ar-cargo-1.91.1"
      },
      "system": "x86_64-linux",
      "group": "rust-toolchain",
      "priority": 5
    },
    {
      "attr_path": "clippy",
      "broken": false,
      "derivation": "/nix/store/zj7v18v69vhvpmlhgk4ab988igc2jkzk-clippy-1.91.1.drv",
      "description": "Bunch of lints to catch common mistakes and improve your Rust code",
      "install_id": "clippy",
      "license": "[ MIT, Apache-2.0 ]",
      "locked_url": "https://github.com/flox/nixpkgs?rev=418468ac9527e799809c900eda37cbff999199b6",
      "name": "clippy-1.91.1",
      "pname": "clippy",
      "rev": "418468ac9527e799809c900eda37cbff999199b6",
      "rev_count": 905402,
      "rev_date": "2025-12-02T09:27:49Z",
      "scrape_date": "2025-12-04T02:53:40.822413Z",
      "stabilities": [
        "staging",
        "unstable"
      ],
      "unfree": false,
      "version": "1.91.1",
      "outputs_to_install": [
        "out"
      ],
      "outputs": {
        "out": "/nix/store/qmilz670qynmclphf9jx9m2vw1pb80xa-clippy-1.91.1"
      },
      "system": "aarch64-darwin",
      "group": "rust-toolchain",
      "priority": 5
    },
    {
      "attr_path": "clippy",
      "broken": false,
      "derivation": "/nix/store/lqh14vlcr099jkwsf07lw80gshz2ga0k-clippy-1.91.1.drv",
      "description": "Bunch of lints to catch common mistakes and improve your Rust code",
      "install_id": "clippy",
      "license": "[ MIT, Apache-2.0 ]",
      "locked_url": "https://github.com/flox/nixpkgs?rev=418468ac9527e799809c900eda37cbff999199b6",
      "name": "clippy-1.91.1",
      "pname": "clippy",
      "rev": "418468ac9527e799809c900eda37cbff999199b6",
      "rev_count": 905402,
      "rev_date": "2025-12-02T09:27:49Z",
      "scrape_date": "2025-12-04T03:02:19.543043Z",
      "stabilities": [
        "staging",
        "unstable"
      ],
      "unfree": false,
      "version": "1.91.1",
      "outputs_to_install": [
        "out"
      ],
      "outputs": {
        "debug": "/nix/store/dszg3m8pk2cwdqdv01f164sv162y9p73-clippy-1.91.1-debug",
        "out": "/nix/store/9sppqdqngbmi1yzxdmf2j4ligjhkxrxx-clippy-1.91.1"
      },
      "system": "aarch64-linux",
      "group": "rust-toolchain",
      "priority": 5
    },
    {
      "attr_path": "clippy",
      "broken": false,
      "derivation": "/nix/store/hlqxfi6flnxajfjw5a0nah8vnm8l26nc-clippy-1.91.1.drv",
      "description": "Bunch of lints to catch common mistakes and improve your Rust code",
      "install_id": "clippy",
      "license": "[ MIT, Apache-2.0 ]",
      "locked_url": "https://github.com/flox/nixpkgs?rev=418468ac9527e799809c900eda37cbff999199b6",
      "name": "clippy-1.91.1",
      "pname": "clippy",
      "rev": "418468ac9527e799809c900eda37cbff999199b6",
      "rev_count": 905402,
      "rev_date": "2025-12-02T09:27:49Z",
      "scrape_date": "2025-12-04T03:11:43.401213Z",
      "stabilities": [
        "staging",
        "unstable"
      ],
      "unfree": false,
      "version": "1.91.1",
      "outputs_to_install": [
        "out"
      ],
      "outputs": {
        "out": "/nix/store/0mkrx8x7qpn68jlla6120ggrikpxyygj-clippy-1.91.1"
      },
      "system": "x86_64-darwin",
      "group": "rust-toolchain",
      "priority": 5
    },
    {
      "attr_path": "clippy",
      "broken": false,
      "derivation": "/nix/store/2nirzgmb98yh0rw3v7z0bdmjmw1xa48n-clippy-1.91.1.drv",
      "description": "Bunch of lints to catch common mistakes and improve your Rust code",
      "install_id": "clippy",
      "license": "[ MIT, Apache-2.0 ]",
      "locked_url": "https://github.com/flox/nixpkgs?rev=418468ac9527e799809c900eda37cbff999199b6",
      "name": "clippy-1.91.1",
      "pname": "clippy",
      "rev": "418468ac9527e799809c900eda37cbff999199b6",
      "rev_count": 905402,
      "rev_date": "2025-12-02T09:27:49Z",
      "scrape_date": "2025-12-04T03:20:07.258216Z",
      "stabilities": [
        "staging",
        "unstable"
      ],
      "unfree": false,
      "version": "1.91.1",
      "outputs_to_install": [
        "out"
      ],
      "outputs": {
        "debug": "/nix/store/6wdp4pbpaj0rrzr5dwabz4k7rgcd2qrp-clippy-1.91.1-debug",
        "out": "/nix/store/5y00kqp8qlmjwvm5h607n6jnmqr75dnk-clippy-1.91.1"
      },
      "system": "x86_64-linux",
      "group": "rust-toolchain",
      "priority": 5
    },
    {
      "attr_path": "rustPlatform.rustLibSrc",
      "broken": false,
      "derivation": "/nix/store/7lcqfpln08s0chcdmjnj7gj05cvj24br-rust-lib-src.drv",
      "install_id": "rust-lib-src",
      "locked_url": "https://github.com/flox/nixpkgs?rev=418468ac9527e799809c900eda37cbff999199b6",
      "name": "rust-lib-src",
      "pname": "rustLibSrc",
      "rev": "418468ac9527e799809c900eda37cbff999199b6",
      "rev_count": 905402,
      "rev_date": "2025-12-02T09:27:49Z",
      "scrape_date": "2025-12-04T02:56:16.638060Z",
      "stabilities": [
        "staging",
        "unstable"
      ],
      "unfree": false,
      "version": "rust-lib-src",
      "outputs_to_install": [
        "out"
      ],
      "outputs": {
        "out": "/nix/store/m24iapsdkg8p3lfgj0vjm2maw639sbsf-rust-lib-src"
      },
      "system": "aarch64-darwin",
      "group": "rust-toolchain",
      "priority": 5
    },
    {
      "attr_path": "rustPlatform.rustLibSrc",
      "broken": false,
      "derivation": "/nix/store/v4gk1i3y773lmgc7cdk1c1g2ly99kdbm-rust-lib-src.drv",
      "install_id": "rust-lib-src",
      "locked_url": "https://github.com/flox/nixpkgs?rev=418468ac9527e799809c900eda37cbff999199b6",
      "name": "rust-lib-src",
      "pname": "rustLibSrc",
      "rev": "418468ac9527e799809c900eda37cbff999199b6",
      "rev_count": 905402,
      "rev_date": "2025-12-02T09:27:49Z",
      "scrape_date": "2025-12-04T03:05:49.370035Z",
      "stabilities": [
        "staging",
        "unstable"
      ],
      "unfree": false,
      "version": "rust-lib-src",
      "outputs_to_install": [
        "out"
      ],
      "outputs": {
        "out": "/nix/store/g4m5i2n5h1pfpijc6z88yp5gbkcp1rqq-rust-lib-src"
      },
      "system": "aarch64-linux",
      "group": "rust-toolchain",
      "priority": 5
    },
    {
      "attr_path": "rustPlatform.rustLibSrc",
      "broken": false,
      "derivation": "/nix/store/7hwp3hh82dkx0jffhn5znwq59yh1p4ci-rust-lib-src.drv",
      "install_id": "rust-lib-src",
      "locked_url": "https://github.com/flox/nixpkgs?rev=418468ac9527e799809c900eda37cbff999199b6",
      "name": "rust-lib-src",
      "pname": "rustLibSrc",
      "rev": "418468ac9527e799809c900eda37cbff999199b6",
      "rev_count": 905402,
      "rev_date": "2025-12-02T09:27:49Z",
      "scrape_date": "2025-12-04T03:14:11.704124Z",
      "stabilities": [
        "staging",
        "unstable"
      ],
      "unfree": false,
      "version": "rust-lib-src",
      "outputs_to_install": [
        "out"
      ],
      "outputs": {
        "out": "/nix/store/wi7cjhwdawar3843ss12aidyll4wdchs-rust-lib-src"
      },
      "system": "x86_64-darwin",
      "group": "rust-toolchain",
      "priority": 5
    },
    {
      "attr_path": "rustPlatform.rustLibSrc",
      "broken": false,
      "derivation": "/nix/store/yxgddqzyx8xf8f8rwmdrv257nv5z4g0n-rust-lib-src.drv",
      "install_id": "rust-lib-src",
      "locked_url": "https://github.com/flox/nixpkgs?rev=418468ac9527e799809c900eda37cbff999199b6",
      "name": "rust-lib-src",
      "pname": "rustLibSrc",
      "rev": "418468ac9527e799809c900eda37cbff999199b6",
      "rev_count": 905402,
      "rev_date": "2025-12-02T09:27:49Z",
      "scrape_date": "2025-12-04T03:23:41.787081Z",
      "stabilities": [
        "staging",
        "unstable"
      ],
      "unfree": false,
      "version": "rust-lib-src",
      "outputs_to_install": [
        "out"
      ],
      "outputs": {
        "out": "/nix/store/x4lzvdhcz439jm1clb41hnx3xa2cqvli-rust-lib-src"
      },
      "system": "x86_64-linux",
      "group": "rust-toolchain",
      "priority": 5
    },
    {
      "attr_path": "rustc",
      "broken": false,
      "derivation": "/nix/store/lc5cn6zg9pp268949g83s7mix3pmw1b7-rustc-wrapper-1.91.1.drv",
      "description": "Safe, concurrent, practical language (wrapper script)",
      "install_id": "rustc",
      "license": "[ MIT, Apache-2.0 ]",
      "locked_url": "https://github.com/flox/nixpkgs?rev=418468ac9527e799809c900eda37cbff999199b6",
      "name": "rustc-wrapper-1.91.1",
      "pname": "rustc",
      "rev": "418468ac9527e799809c900eda37cbff999199b6",
      "rev_count": 905402,
      "rev_date": "2025-12-02T09:27:49Z",
      "scrape_date": "2025-12-04T02:55:09.897367Z",
      "stabilities": [
        "staging",
        "unstable"
      ],
      "unfree": false,
      "version": "1.91.1",
      "outputs_to_install": [
        "man",
        "out"
      ],
      "outputs": {
        "doc": "/nix/store/j1rba0izlw47p4aag6948hp1fnp04qgj-rustc-wrapper-1.91.1-doc",
        "man": "/nix/store/ly2n6dgvx22qmbvm2j6jcfhinypraz1g-rustc-wrapper-1.91.1-man",
        "out": "/nix/store/6l6lym49l235a70z96b527pqhnmi4i1m-rustc-wrapper-1.91.1"
      },
      "system": "aarch64-darwin",
      "group": "rust-toolchain",
      "priority": 5
    },
    {
      "attr_path": "rustc",
      "broken": false,
      "derivation": "/nix/store/66lkmjbdq65dr6fh29ylafygb61jdvk8-rustc-wrapper-1.91.1.drv",
      "description": "Safe, concurrent, practical language (wrapper script)",
      "install_id": "rustc",
      "license": "[ MIT, Apache-2.0 ]",
      "locked_url": "https://github.com/flox/nixpkgs?rev=418468ac9527e799809c900eda37cbff999199b6",
      "name": "rustc-wrapper-1.91.1",
      "pname": "rustc",
      "rev": "418468ac9527e799809c900eda37cbff999199b6",
      "rev_count": 905402,
      "rev_date": "2025-12-02T09:27:49Z",
      "scrape_date": "2025-12-04T03:04:23.717354Z",
      "stabilities": [
        "staging",
        "unstable"
      ],
      "unfree": false,
      "version": "1.91.1",
      "outputs_to_install": [
        "man",
        "out"
      ],
      "outputs": {
        "doc": "/nix/store/mpl3cl7clcw2w70jm23pz4z1k18w3cvb-rustc-wrapper-1.91.1-doc",
        "man": "/nix/store/qm129wdvzfkk824dwphwi5qfx924dnnb-rustc-wrapper-1.91.1-man",
        "out": "/nix/store/nnqpjjf6w0yvc45hl24xd79ima2axb58-rustc-wrapper-1.91.1"
      },
      "system": "aarch64-linux",
      "group": "rust-toolchain",
      "priority": 5
    },
    {
      "attr_path": "rustc",
      "broken": false,
      "derivation": "/nix/store/0j12qkx7d9s33969ywr5f2dxfrv6rm4l-rustc-wrapper-1.91.1.drv",
      "description": "Safe, concurrent, practical language (wrapper script)",
      "install_id": "rustc",
      "license": "[ MIT, Apache-2.0 ]",
      "locked_url": "https://github.com/flox/nixpkgs?rev=418468ac9527e799809c900eda37cbff999199b6",
      "name": "rustc-wrapper-1.91.1",
      "pname": "rustc",
      "rev": "418468ac9527e799809c900eda37cbff999199b6",
      "rev_count": 905402,
      "rev_date": "2025-12-02T09:27:49Z",
      "scrape_date": "2025-12-04T03:13:07.636722Z",
      "stabilities": [
        "staging",
        "unstable"
      ],
      "unfree": false,
      "version": "1.91.1",
      "outputs_to_install": [
        "man",
        "out"
      ],
      "outputs": {
        "doc": "/nix/store/iz41p08b2xv8i1p5kvrnn4h6cah0032a-rustc-wrapper-1.91.1-doc",
        "man": "/nix/store/hzlv8xapq0zkyac2q9hmihv5lsc8c423-rustc-wrapper-1.91.1-man",
        "out": "/nix/store/a808m1iarlz2q2swj4mw8c6zv0jfc5kx-rustc-wrapper-1.91.1"
      },
      "system": "x86_64-darwin",
      "group": "rust-toolchain",
      "priority": 5
    },
    {
      "attr_path": "rustc",
      "broken": false,
      "derivation": "/nix/store/89l2xd1qjdd6sh24dggfi3dn96shnxr4-rustc-wrapper-1.91.1.drv",
      "description": "Safe, concurrent, practical language (wrapper script)",
      "install_id": "rustc",
      "license": "[ MIT, Apache-2.0 ]",
      "locked_url": "https://github.com/flox/nixpkgs?rev=418468ac9527e799809c900eda37cbff999199b6",
      "name": "rustc-wrapper-1.91.1",
      "pname": "rustc",
      "rev": "418468ac9527e799809c900eda37cbff999199b6",
      "rev_count": 905402,
      "rev_date": "2025-12-02T09:27:49Z",
      "scrape_date": "2025-12-04T03:22:13.412956Z",
      "stabilities": [
        "staging",
        "unstable"
      ],
      "unfree": false,
      "version": "1.91.1",
      "outputs_to_install": [
        "man",
        "out"
      ],
      "outputs": {
        "doc": "/nix/store/8jrl0jg0jqxvx859icfwncmfvivslgqk-rustc-wrapper-1.91.1-doc",
        "man": "/nix/store/13ifbzz8zm7fv3yyiqwx8xrnxkxkdlfz-rustc-wrapper-1.91.1-man",
        "out": "/nix/store/4sj19dch0zhnhhdsbrz9pxz55bc2xhb9-rustc-wrapper-1.91.1"
      },
      "system": "x86_64-linux",
      "group": "rust-toolchain",
      "priority": 5
    },
    {
      "attr_path": "rustfmt",
      "broken": false,
      "derivation": "/nix/store/mfjzjzy26fsxzr0pwxv1fkla379wv8gl-rustfmt-1.91.1.drv",
      "description": "Tool for formatting Rust code according to style guidelines",
      "install_id": "rustfmt",
      "license": "[ MIT, Apache-2.0 ]",
      "locked_url": "https://github.com/flox/nixpkgs?rev=418468ac9527e799809c900eda37cbff999199b6",
      "name": "rustfmt-1.91.1",
      "pname": "rustfmt",
      "rev": "418468ac9527e799809c900eda37cbff999199b6",
      "rev_count": 905402,
      "rev_date": "2025-12-02T09:27:49Z",
      "scrape_date": "2025-12-04T02:55:09.916444Z",
      "stabilities": [
        "staging",
        "unstable"
      ],
      "unfree": false,
      "version": "1.91.1",
      "outputs_to_install": [
        "out"
      ],
      "outputs": {
        "out": "/nix/store/0436paj5d9czw961p6k4by8p01kc40pp-rustfmt-1.91.1"
      },
      "system": "aarch64-darwin",
      "group": "rust-toolchain",
      "priority": 5
    },
    {
      "attr_path": "rustfmt",
      "broken": false,
      "derivation": "/nix/store/82jmdwphj0iz88ak6iaijwcy8pzlsqin-rustfmt-1.91.1.drv",
      "description": "Tool for formatting Rust code according to style guidelines",
      "install_id": "rustfmt",
      "license": "[ MIT, Apache-2.0 ]",
      "locked_url": "https://github.com/flox/nixpkgs?rev=418468ac9527e799809c900eda37cbff999199b6",
      "name": "rustfmt-1.91.1",
      "pname": "rustfmt",
      "rev": "418468ac9527e799809c900eda37cbff999199b6",
      "rev_count": 905402,
      "rev_date": "2025-12-02T09:27:49Z",
      "scrape_date": "2025-12-04T03:04:23.747019Z",
      "stabilities": [
        "staging",
        "unstable"
      ],
      "unfree": false,
      "version": "1.91.1",
      "outputs_to_install": [
        "out"
      ],
      "outputs": {
        "out": "/nix/store/1zi5b138gjvsja6mc8mx1ziagzxb8snj-rustfmt-1.91.1"
      },
      "system": "aarch64-linux",
      "group": "rust-toolchain",
      "priority": 5
    },
    {
      "attr_path": "rustfmt",
      "broken": false,
      "derivation": "/nix/store/5pm6h7jglx1fdv3ijd974c0wb97qahrp-rustfmt-1.91.1.drv",
      "description": "Tool for formatting Rust code according to style guidelines",
      "install_id": "rustfmt",
      "license": "[ MIT, Apache-2.0 ]",
      "locked_url": "https://github.com/flox/nixpkgs?rev=418468ac9527e799809c900eda37cbff999199b6",
      "name": "rustfmt-1.91.1",
      "pname": "rustfmt",
      "rev": "418468ac9527e799809c900eda37cbff999199b6",
      "rev_count": 905402,
      "rev_date": "2025-12-02T09:27:49Z",
      "scrape_date": "2025-12-04T03:13:07.654839Z",
      "stabilities": [
        "staging",
        "unstable"
      ],
      "unfree": false,
      "version": "1.91.1",
      "outputs_to_install": [
        "out"
      ],
      "outputs": {
        "out": "/nix/store/7si82wpwyfbyn1q7rlh1ygc2pmrj591r-rustfmt-1.91.1"
      },
      "system": "x86_64-darwin",
      "group": "rust-toolchain",
      "priority": 5
    },
    {
      "attr_path": "rustfmt",
      "broken": false,
      "derivation": "/nix/store/30jc6kpf9xdgg8hydbn2sw61gyjxary6-rustfmt-1.91.1.drv",
      "description": "Tool for formatting Rust code according to style guidelines",
      "install_id": "rustfmt",
      "license": "[ MIT, Apache-2.0 ]",
      "locked_url": "https://github.com/flox/nixpkgs?rev=418468ac9527e799809c900eda37cbff999199b6",
      "name": "rustfmt-1.91.1",
      "pname": "rustfmt",
      "rev": "418468ac9527e799809c900eda37cbff999199b6",
      "rev_count": 905402,
      "rev_date": "2025-12-02T09:27:49Z",
      "scrape_date": "2025-12-04T03:22:13.441969Z",
      "stabilities": [
        "staging",
        "unstable"
      ],
      "unfree": false,
      "version": "1.91.1",
      "outputs_to_install": [
        "out"
      ],
      "outputs": {
        "out": "/nix/store/vg39s21pcy070xpacc1pizy469vbfpxc-rustfmt-1.91.1"
      },
      "system": "x86_64-linux",
      "group": "rust-toolchain",
      "priority": 5
    },
    {
      "attr_path": "cargo-nextest",
      "broken": false,
      "derivation": "/nix/store/dqxpy4zh1s24ydzbp54711g7x9i9nmla-cargo-nextest-0.9.138.drv",
      "description": "Next-generation test runner for Rust projects",
      "install_id": "cargo-nextest",
      "license": "[ MIT, Apache-2.0 ]",
      "locked_url": "https://github.com/flox/nixpkgs?rev=65179426c83bb3f6bc14898b42ea1c6f01d374b0",
      "name": "cargo-nextest-0.9.138",
      "pname": "cargo-nextest",
      "rev": "65179426c83bb3f6bc14898b42ea1c6f01d374b0",
      "rev_count": 1026231,
      "rev_date": "2026-07-02T02:29:44Z",
      "scrape_date": "2026-07-04T03:12:59.950409Z",
      "stabilities": [
        "unstable"
      ],
      "unfree": false,
      "version": "0.9.138",
      "outputs_to_install": [
        "out"
      ],
      "outputs": {
        "out": "/nix/store/4949wpymfypf8ihhds3q586kr83znbbj-cargo-nextest-0.9.138"
      },
      "system": "aarch64-darwin",
      "group": "toplevel",
      "priority": 5
    },
    {
      "attr_path": "cargo-nextest",
      "broken": false,
      "derivation": "/nix/store/j18kdwln5hmxbq760g2r82qf4sw3yir2-cargo-nextest-0.9.138.drv",
      "description": "Next-generation test runner for Rust projects",
      "install_id": "cargo-nextest",
      "license": "[ MIT, Apache-2.0 ]",
      "locked_url": "https://github.com/flox/nixpkgs?rev=65179426c83bb3f6bc14898b42ea1c6f01d374b0",
      "name": "cargo-nextest-0.9.138",
      "pname": "cargo-nextest",
      "rev": "65179426c83bb3f6bc14898b42ea1c6f01d374b0",
      "rev_count": 1026231,
      "rev_date": "2026-07-02T02:29:44Z",
      "scrape_date": "2026-07-04T03:41:19.743898Z",
      "stabilities": [
        "unstable"
      ],
      "unfree": false,
      "version": "0.9.138",
      "outputs_to_install": [
        "out"
      ],
      "outputs": {
        "out": "/nix/store/bhmxqrj370hhg4yjrwlrizisjs7b52jq-cargo-nextest-0.9.138"
      },
      "system": "aarch64-linux",
      "group": "toplevel",
      "priority": 5
    },
    {
      "attr_path": "cargo-nextest",
      "broken": false,
      "derivation": "/nix/store/7y17q8zd8w79qbkj5cd2wf6pllh7c9vx-cargo-nextest-0.9.138.drv",
      "description": "Next-generation test runner for Rust projects",
      "install_id": "cargo-nextest",
      "license": "[ MIT, Apache-2.0 ]",
      "locked_url": "https://github.com/flox/nixpkgs?rev=65179426c83bb3f6bc14898b42ea1c6f01d374b0",
      "name": "cargo-nextest-0.9.138",
      "pname": "cargo-nextest",
      "rev": "65179426c83bb3f6bc14898b42ea1c6f01d374b0",
      "rev_count": 1026231,
      "rev_date": "2026-07-02T02:29:44Z",
      "scrape_date": "2026-07-04T04:09:04.235621Z",
      "stabilities": [
        "unstable"
      ],
      "unfree": false,
      "version": "0.9.138",
      "outputs_to_install": [
        "out"
      ],
      "outputs": {
        "out": "/nix/store/2fvpaagxybbhdlysisc5kl6lr7wizqbl-cargo-nextest-0.9.138"
      },
      "system": "x86_64-darwin",
      "group": "toplevel",
      "priority": 5
    },
    {
      "attr_path": "cargo-nextest",
      "broken": false,
      "derivation": "/nix/store/3i53m50gp03z58d3gd8y6sbi9mr64khn-cargo-nextest-0.9.138.drv",
      "description": "Next-generation test runner for Rust projects",
      "install_id": "cargo-nextest",
      "license": "[ MIT, Apache-2.0 ]",
      "locked_url": "https://github.com/flox/nixpkgs?rev=65179426c83bb3f6bc14898b42ea1c6f01d374b0",
      "name": "cargo-nextest-0.9.138",
      "pname": "cargo-nextest",
      "rev": "65179426c83bb3f6bc14898b42ea1c6f01d374b0",
      "rev_count": 1026231,
      "rev_date": "2026-07-02T02:29:44Z",
      "scrape_date": "2026-07-04T04:39:51.283362Z",
      "stabilities": [
        "unstable"
      ],
      "unfree": false,
      "version": "0.9.138",
      "outputs_to_install": [
        "out"
      ],
      "outputs": {
        "out": "/nix/store/55x1djjyadbaa89qp4hh03irs7z9nazz-cargo-nextest-0.9.138"
      },
      "system": "x86_64-linux",
      "group": "toplevel",
      "priority": 5
    },
    {
      "attr_path": "cargo-semver-checks",
      "broken": false,
      "derivation": "/nix/store/yl69qb6l9jryydazx7cjw2zn2jzqcw2z-cargo-semver-checks-0.48.0.drv",
      "description": "Tool to scan your Rust crate for semver violations",
      "install_id": "cargo-semver-checks",
      "license": "[ MIT, Apache-2.0 ]",
      "locked_url": "https://github.com/flox/nixpkgs?rev=65179426c83bb3f6bc14898b42ea1c6f01d374b0",
      "name": "cargo-semver-checks-0.48.0",
      "pname": "cargo-semver-checks",
      "rev": "65179426c83bb3f6bc14898b42ea1c6f01d374b0",
      "rev_count": 1026231,
      "rev_date": "2026-07-02T02:29:44Z",
      "scrape_date": "2026-07-04T03:12:59.953590Z",
      "stabilities": [
        "unstable"
      ],
      "unfree": false,
      "version": "0.48.0",
      "outputs_to_install": [
        "out"
      ],
      "outputs": {
        "out": "/nix/store/yw5dpkjcgnj4p95y2gk775n65zswy5g3-cargo-semver-checks-0.48.0"
      },
      "system": "aarch64-darwin",
      "group": "toplevel",
      "priority": 5
    },
    {
      "attr_path": "cargo-semver-checks",
      "broken": false,
      "derivation": "/nix/store/8szw0i3ylambqx6sisrp20ma9fnqs0pk-cargo-semver-checks-0.48.0.drv",
      "description": "Tool to scan your Rust crate for semver violations",
      "install_id": "cargo-semver-checks",
      "license": "[ MIT, Apache-2.0 ]",
      "locked_url": "https://github.com/flox/nixpkgs?rev=65179426c83bb3f6bc14898b42ea1c6f01d374b0",
      "name": "cargo-semver-checks-0.48.0",
      "pname": "cargo-semver-checks",
      "rev": "65179426c83bb3f6bc14898b42ea1c6f01d374b0",
      "rev_count": 1026231,
      "rev_date": "2026-07-02T02:29:44Z",
      "scrape_date": "2026-07-04T03:41:19.747806Z",
      "stabilities": [
        "unstable"
      ],
      "unfree": false,
      "version": "0.48.0",
      "outputs_to_install": [
        "out"
      ],
      "outputs": {
        "out": "/nix/store/fmxhvanr8606ihxxa49zacqdp7x99piv-cargo-semver-checks-0.48.0"
      },
      "system": "aarch64-linux",
      "group": "toplevel",
      "priority": 5
    },
    {
      "attr_path": "cargo-semver-checks",
      "broken": false,
      "derivation": "/nix/store/anvmcrv02vyb88fpsmn51zwkjw3irb4r-cargo-semver-checks-0.48.0.drv",
      "description": "Tool to scan your Rust crate for semver violations",
      "install_id": "cargo-semver-checks",
      "license": "[ MIT, Apache-2.0 ]",
      "locked_url": "https://github.com/flox/nixpkgs?rev=65179426c83bb3f6bc14898b42ea1c6f01d374b0",
      "name": "cargo-semver-checks-0.48.0",
      "pname": "cargo-semver-checks",
      "rev": "65179426c83bb3f6bc14898b42ea1c6f01d374b0",
      "rev_count": 1026231,
      "rev_date": "2026-07-02T02:29:44Z",
      "scrape_date": "2026-07-04T04:09:04.238846Z",
      "stabilities": [
        "unstable"
      ],
      "unfree": false,
      "version": "0.48.0",
      "outputs_to_install": [
        "out"
      ],
      "outputs": {
        "out": "/nix/store/zg908z6ajrdhy2vnimz37g64rxnimjvf-cargo-semver-checks-0.48.0"
      },
      "system": "x86_64-darwin",
      "group": "toplevel",
      "priority": 5
    },
    {
      "attr_path": "cargo-semver-checks",
      "broken": false,
      "derivation": "/nix/store/if40awdxhyw3406wxnddwgs1c91adfzn-cargo-semver-checks-0.48.0.drv",
      "description": "Tool to scan your Rust crate for semver violations",
      "install_id": "cargo-semver-checks",
      "license": "[ MIT, Apache-2.0 ]",
      "locked_url": "https://github.com/flox/nixpkgs?rev=65179426c83bb3f6bc14898b42ea1c6f01d374b0",
      "name": "cargo-semver-checks-0.48.0",
      "pname": "cargo-semver-checks",
      "rev": "65179426c83bb3f6bc14898b42ea1c6f01d374b0",
      "rev_count": 1026231,
      "rev_date": "2026-07-02T02:29:44Z",
      "scrape_date": "2026-07-04T04:39:51.287559Z",
      "stabilities": [
        "unstable"
      ],
      "unfree": false,
      "version": "0.48.0",
      "outputs_to_install": [
        "out"
      ],
      "outputs": {
        "out": "/nix/store/xjx16k9as2h648y36dysdxnxva8yl20b-cargo-semver-checks-0.48.0"
      },
      "system": "x86_64-linux",
      "group": "toplevel",
      "priority": 5
    },
    {
      "attr_path": "cargo-watch",
      "broken": false,
      "derivation": "/nix/store/jjabvb4dqmjyyh80qky6mnsk75r4qca2-cargo-watch-8.5.3.drv",
      "description": "Cargo subcommand for watching over Cargo project's source",
      "install_id": "cargo-watch",
      "license": "CC0-1.0",
      "locked_url": "https://github.com/flox/nixpkgs?rev=65179426c83bb3f6bc14898b42ea1c6f01d374b0",
      "name": "cargo-watch-8.5.3",
      "pname": "cargo-watch",
      "rev": "65179426c83bb3f6bc14898b42ea1c6f01d374b0",
      "rev_count": 1026231,
      "rev_date": "2026-07-02T02:29:44Z",
      "scrape_date": "2026-07-04T03:12:59.957399Z",
      "stabilities": [
        "unstable"
      ],
      "unfree": false,
      "version": "8.5.3",
      "outputs_to_install": [
        "out"
      ],
      "outputs": {
        "out": "/nix/store/mw54yzzh1qil9g82ygnd8cb2qn0ldih0-cargo-watch-8.5.3"
      },
      "system": "aarch64-darwin",
      "group": "toplevel",
      "priority": 5
    },
    {
      "attr_path": "cargo-watch",
      "broken": false,
      "derivation": "/nix/store/mi74nqr0qpi4xgdm29vsw9rbiix2jkmb-cargo-watch-8.5.3.drv",
      "description": "Cargo subcommand for watching over Cargo project's source",
      "install_id": "cargo-watch",
      "license": "CC0-1.0",
      "locked_url": "https://github.com/flox/nixpkgs?rev=65179426c83bb3f6bc14898b42ea1c6f01d374b0",
      "name": "cargo-watch-8.5.3",
      "pname": "cargo-watch",
      "rev": "65179426c83bb3f6bc14898b42ea1c6f01d374b0",
      "rev_count": 1026231,
      "rev_date": "2026-07-02T02:29:44Z",
      "scrape_date": "2026-07-04T03:41:19.752210Z",
      "stabilities": [
        "unstable"
      ],
      "unfree": false,
      "version": "8.5.3",
      "outputs_to_install": [
        "out"
      ],
      "outputs": {
        "out": "/nix/store/fj43pj87pv0zcmmi3zhflj4ap10nr256-cargo-watch-8.5.3"
      },
      "system": "aarch64-linux",
      "group": "toplevel",
      "priority": 5
    },
    {
      "attr_path": "cargo-watch",
      "broken": false,
      "derivation": "/nix/store/iqpc0mc0pdpwayapb3k66rqplx8wn43v-cargo-watch-8.5.3.drv",
      "description": "Cargo subcommand for watching over Cargo project's source",
      "install_id": "cargo-watch",
      "license": "CC0-1.0",
      "locked_url": "https://github.com/flox/nixpkgs?rev=65179426c83bb3f6bc14898b42ea1c6f01d374b0",
      "name": "cargo-watch-8.5.3",
      "pname": "cargo-watch",
      "rev": "65179426c83bb3f6bc14898b42ea1c6f01d374b0",
      "rev_count": 1026231,
      "rev_date": "2026-07-02T02:29:44Z",
      "scrape_date": "2026-07-04T04:09:04.242664Z",
      "stabilities": [
        "unstable"
      ],
      "unfree": false,
      "version": "8.5.3",
      "outputs_to_install": [
        "out"
      ],
      "outputs": {
        "out": "/nix/store/w2mrf9ifn73xpgdyx24yrjllkfiszicc-cargo-watch-8.5.3"
      },
      "system": "x86_64-darwin",
      "group": "toplevel",
      "priority": 5
    },
    {
      "attr_path": "cargo-watch",
      "broken": false,
      "derivation": "/nix/store/74nfkqkvdch38clgl0bn9si1c3h1np86-cargo-watch-8.5.3.drv",
      "description": "Cargo subcommand for watching over Cargo project's source",
      "install_id": "cargo-watch",
      "license": "CC0-1.0",
      "locked_url": "https://github.com/flox/nixpkgs?rev=65179426c83bb3f6bc14898b42ea1c6f01d374b0",
      "name": "cargo-watch-8.5.3",
      "pname": "cargo-watch",
      "rev": "65179426c83bb3f6bc14898b42ea1c6f01d374b0",
      "rev_count": 1026231,
      "rev_date": "2026-07-02T02:29:44Z",
      "scrape_date": "2026-07-04T04:39:51.292372Z",
      "stabilities": [
        "unstable"
      ],
      "unfree": false,
      "version": "8.5.3",
      "outputs_to_install": [
        "out"
      ],
      "outputs": {
        "out": "/nix/store/5mvgpywrhzwpy25kqki1gwjyiacfkklb-cargo-watch-8.5.3"
      },
      "system": "x86_64-linux",
      "group": "toplevel",
      "priority": 5
    },
    {
      "attr_path": "clang",
      "broken": false,
      "derivation": "/nix/store/25rlxjsg6ili9a23rysq0prkq111sq7n-clang-wrapper-21.1.8.drv",
      "description": "C language family frontend for LLVM (wrapper script)",
      "install_id": "clang",
      "license": "[ NCSA, [ Apache-2.0 LLVM-exception ] ]",
      "locked_url": "https://github.com/flox/nixpkgs?rev=65179426c83bb3f6bc14898b42ea1c6f01d374b0",
      "name": "clang-wrapper-21.1.8",
      "pname": "clang",
      "rev": "65179426c83bb3f6bc14898b42ea1c6f01d374b0",
      "rev_count": 1026231,
      "rev_date": "2026-07-02T02:29:44Z",
      "scrape_date": "2026-07-04T03:13:00.141940Z",
      "stabilities": [
        "unstable"
      ],
      "unfree": false,
      "version": "21.1.8",
      "outputs_to_install": [
        "out"
      ],
      "outputs": {
        "out": "/nix/store/qndx79izh6lanm535xj9pbayy6j8fz5n-clang-wrapper-21.1.8"
      },
      "system": "aarch64-darwin",
      "group": "toplevel",
      "priority": 5
    },
    {
      "attr_path": "clang",
      "broken": false,
      "derivation": "/nix/store/phmpqx2l0gwmh4yhbs272bry7qjv51wy-clang-wrapper-21.1.8.drv",
      "description": "C language family frontend for LLVM (wrapper script)",
      "install_id": "clang",
      "license": "[ NCSA, [ Apache-2.0 LLVM-exception ] ]",
      "locked_url": "https://github.com/flox/nixpkgs?rev=65179426c83bb3f6bc14898b42ea1c6f01d374b0",
      "name": "clang-wrapper-21.1.8",
      "pname": "clang",
      "rev": "65179426c83bb3f6bc14898b42ea1c6f01d374b0",
      "rev_count": 1026231,
      "rev_date": "2026-07-02T02:29:44Z",
      "scrape_date": "2026-07-04T04:09:04.407656Z",
      "stabilities": [
        "unstable"
      ],
      "unfree": false,
      "version": "21.1.8",
      "outputs_to_install": [
        "out"
      ],
      "outputs": {
        "out": "/nix/store/vlqks7r68963zr1jbj8l546w4nw0i762-clang-wrapper-21.1.8"
      },
      "system": "x86_64-darwin",
      "group": "toplevel",
      "priority": 5
    },
    {
      "attr_path": "gcc",
      "broken": false,
      "derivation": "/nix/store/20anxjdl57s231l1qazlnmrx3m3vx5bk-gcc-wrapper-15.2.0.drv",
      "description": "GNU Compiler Collection, version 15.2.0 (wrapper script)",
      "install_id": "gcc",
      "license": "GPL-3.0-or-later",
      "locked_url": "https://github.com/flox/nixpkgs?rev=65179426c83bb3f6bc14898b42ea1c6f01d374b0",
      "name": "gcc-wrapper-15.2.0",
      "pname": "gcc",
      "rev": "65179426c83bb3f6bc14898b42ea1c6f01d374b0",
      "rev_count": 1026231,
      "rev_date": "2026-07-02T02:29:44Z",
      "scrape_date": "2026-07-04T03:41:21.228623Z",
      "stabilities": [
        "unstable"
      ],
      "unfree": false,
      "version": "15.2.0",
      "outputs_to_install": [
        "man",
        "out",
        "out"
      ],
      "outputs": {
        "info": "/nix/store/rla3j1fb1yzgglxc8g6p7q34vkp1h5zb-gcc-wrapper-15.2.0-info",
        "man": "/nix/store/07nfp0wv2yk9k6h7qg5h3nhgxkkr9hc3-gcc-wrapper-15.2.0-man",
        "out": "/nix/store/lx4f4lvm5hrbxbils30ssjal1jz9yxgh-gcc-wrapper-15.2.0"
      },
      "system": "aarch64-linux",
      "group": "toplevel",
      "priority": 5
    },
    {
      "attr_path": "gcc",
      "broken": false,
      "derivation": "/nix/store/bmwhgbaq6jk87imr4nsldixk9ccc1vl4-gcc-wrapper-15.2.0.drv",
      "description": "GNU Compiler Collection, version 15.2.0 (wrapper script)",
      "install_id": "gcc",
      "license": "GPL-3.0-or-later",
      "locked_url": "https://github.com/flox/nixpkgs?rev=65179426c83bb3f6bc14898b42ea1c6f01d374b0",
      "name": "gcc-wrapper-15.2.0",
      "pname": "gcc",
      "rev": "65179426c83bb3f6bc14898b42ea1c6f01d374b0",
      "rev_count": 1026231,
      "rev_date": "2026-07-02T02:29:44Z",
      "scrape_date": "2026-07-04T04:39:52.874537Z",
      "stabilities": [
        "unstable"
      ],
      "unfree": false,
      "version": "15.2.0",
      "outputs_to_install": [
        "man",
        "man",
        "out",
        "out",
        "out"
      ],
      "outputs": {
        "info": "/nix/store/pcar1vqvmn2y42lplzca392yx605kk31-gcc-wrapper-15.2.0-info",
        "man": "/nix/store/dxqah042znlglapf07vha4qannacibf2-gcc-wrapper-15.2.0-man",
        "out": "/nix/store/xcnqqnhw9hb4j5rjgds2yjryi8qki5f3-gcc-wrapper-15.2.0"
      },
      "system": "x86_64-linux",
      "group": "toplevel",
      "priority": 5
    },
    {
      "attr_path": "libiconv",
      "broken": false,
      "derivation": "/nix/store/irkbdz86bxcbd2c206gqx4m1csj09g53-libiconv-113.drv",
      "description": "Iconv(3) implementation",
      "install_id": "libiconv",
      "license": "[ BSD-2-Clause, BSD-3-Clause, APSL-1.0 ]",
      "locked_url": "https://github.com/flox/nixpkgs?rev=65179426c83bb3f6bc14898b42ea1c6f01d374b0",
      "name": "libiconv-113",
      "pname": "libiconv",
      "rev": "65179426c83bb3f6bc14898b42ea1c6f01d374b0",
      "rev_count": 1026231,
      "rev_date": "2026-07-02T02:29:44Z",
      "scrape_date": "2026-07-04T03:13:18.905158Z",
      "stabilities": [
        "unstable"
      ],
      "unfree": false,
      "version": "113",
      "outputs_to_install": [
        "out"
      ],
      "outputs": {
        "dev": "/nix/store/x9zqgwph8i92jppic911kwpwld30drwn-libiconv-113-dev",
        "out": "/nix/store/qla3pimj2nqrklkhar0yv7127fcd1v86-libiconv-113"
      },
      "system": "aarch64-darwin",
      "group": "toplevel",
      "priority": 5
    },
    {
      "attr_path": "libiconv",
      "broken": false,
      "derivation": "/nix/store/b1m5y0h4r411yfvmfacyca5jsjv609r8-libiconv-113.drv",
      "description": "Iconv(3) implementation",
      "install_id": "libiconv",
      "license": "[ BSD-2-Clause, BSD-3-Clause, APSL-1.0 ]",
      "locked_url": "https://github.com/flox/nixpkgs?rev=65179426c83bb3f6bc14898b42ea1c6f01d374b0",
      "name": "libiconv-113",
      "pname": "libiconv",
      "rev": "65179426c83bb3f6bc14898b42ea1c6f01d374b0",
      "rev_count": 1026231,
      "rev_date": "2026-07-02T02:29:44Z",
      "scrape_date": "2026-07-04T04:09:23.237816Z",
      "stabilities": [
        "unstable"
      ],
      "unfree": false,
      "version": "113",
      "outputs_to_install": [
        "out"
      ],
      "outputs": {
        "dev": "/nix/store/zdqs550dy4kdpfigwl7rbyyljnikrajs-libiconv-113-dev",
        "out": "/nix/store/slbk44rhj2im5spq903ik7xpv1phz9rc-libiconv-113"
      },
      "system": "x86_64-darwin",
      "group": "toplevel",
      "priority": 5
    }
  ],
  "compose": {
    "composer": {
      "schema-version": "1.13.0",
      "hook": {
        "on-activate": "  export PATH=\"$PWD/result-credit-card-tracker/bin:$PATH\"\n"
      },
      "options": {},
      "build": {
        "credit-card-tracker": {
          "command": "  mkdir -p $out/bin\n  cargo build --release\n  cp target/release/credit-card-tracker $out/bin/credit-card-tracker\n",
          "runtime-packages": [
            "gcc",
            "libiconv"
          ],
          "version": "0.1.0",
          "description": "Credit Card Tracker"
        }
      },
      "include": {
        "environments": [
          {
            "remote": "dcarley/rust"
          }
        ]
      }
    },
    "include": [
      {
        "manifest": {
          "schema-version": "1.13.0",
          "install": {
            "cargo": {
              "pkg-path": "cargo",
              "pkg-group": "rust-toolchain"
            },
            "cargo-nextest": {
              "pkg-path": "cargo-nextest"
            },
            "cargo-semver-checks": {
              "pkg-path": "cargo-semver-checks"
            },
            "cargo-watch": {
              "pkg-path": "cargo-watch"
            },
            "clang": {
              "pkg-path": "clang",
              "systems": [
                "aarch64-darwin",
                "x86_64-darwin"
              ]
            },
            "clippy": {
              "pkg-path": "clippy",
              "pkg-group": "rust-toolchain"
            },
            "gcc": {
              "pkg-path": "gcc",
              "systems": [
                "aarch64-linux",
                "x86_64-linux"
              ],
              "outputs": "all"
            },
            "libiconv": {
              "pkg-path": "libiconv",
              "systems": [
                "aarch64-darwin",
                "x86_64-darwin"
              ],
              "outputs": "all"
            },
            "rust-analyzer": {
              "pkg-path": "rust-analyzer",
              "pkg-group": "rust-analyzer"
            },
            "rust-lib-src": {
              "pkg-path": "rustPlatform.rustLibSrc",
              "pkg-group": "rust-toolchain"
            },
            "rustc": {
              "pkg-path": "rustc",
              "pkg-group": "rust-toolchain",
              "outputs": "all"
            },
            "rustfmt": {
              "pkg-path": "rustfmt",
              "pkg-group": "rust-toolchain"
            }
          },
          "options": {}
        },
        "name": "rust",
        "descriptor": {
          "remote": "dcarley/rust"
        }
      }
    ],
    "warnings": []
  }
}
